// !$*UTF8*$!
{
	archiveVersion = 1;
	classes = {
	};
	objectVersion = 56;
	objects = {

/* Begin PBXBuildFile section */
		190EB85D2980350700479AB1 /* shell.swift in Sources */ = {isa = PBXBuildFile; fileRef = 190EB85C2980350700479AB1 /* shell.swift */; };
		193E70EC297F3AA40053A733 /* Cocoa.framework in Frameworks */ = {isa = PBXBuildFile; fileRef = 193E70EB297F3AA40053A733 /* Cocoa.framework */; };
		193E70F1297F3AA40053A733 /* SourceEditorExtension.swift in Sources */ = {isa = PBXBuildFile; fileRef = 193E70F0297F3AA40053A733 /* SourceEditorExtension.swift */; };
		193E70F3297F3AA40053A733 /* SourceEditorCommand.swift in Sources */ = {isa = PBXBuildFile; fileRef = 193E70F2297F3AA40053A733 /* SourceEditorCommand.swift */; };
		193E70F8297F3AA40053A733 /* Swift Fixer .appex in Embed Foundation Extensions */ = {isa = PBXBuildFile; fileRef = 193E70E9297F3AA40053A733 /* Swift Fixer .appex */; settings = {ATTRIBUTES = (RemoveHeadersOnCopy, ); }; };
		193E70FD297F3AC90053A733 /* XcodeKit.framework in Frameworks */ = {isa = PBXBuildFile; fileRef = 193E70ED297F3AA40053A733 /* XcodeKit.framework */; };
		193E70FE297F3AC90053A733 /* XcodeKit.framework in Embed Frameworks */ = {isa = PBXBuildFile; fileRef = 193E70ED297F3AA40053A733 /* XcodeKit.framework */; settings = {ATTRIBUTES = (CodeSignOnCopy, RemoveHeadersOnCopy, ); }; };
		1947901F2981B5BB0059EA5E /* ConfigRow.swift in Sources */ = {isa = PBXBuildFile; fileRef = 1947901E2981B5BB0059EA5E /* ConfigRow.swift */; };
		194790222981CF260059EA5E /* commands.json in Resources */ = {isa = PBXBuildFile; fileRef = 194790212981CF260059EA5E /* commands.json */; };
		194790232981CF260059EA5E /* commands.json in Resources */ = {isa = PBXBuildFile; fileRef = 194790212981CF260059EA5E /* commands.json */; };
		194790262981D8FD0059EA5E /* ExecutableStep.swift in Sources */ = {isa = PBXBuildFile; fileRef = 194790252981D8FD0059EA5E /* ExecutableStep.swift */; };
		194790282982B56B0059EA5E /* DataSource.swift in Sources */ = {isa = PBXBuildFile; fileRef = 194790272982B56B0059EA5E /* DataSource.swift */; };
		196BF447297F39DB00D04A4B /* Swift_FixerApp.swift in Sources */ = {isa = PBXBuildFile; fileRef = 196BF446297F39DB00D04A4B /* Swift_FixerApp.swift */; };
		196BF44B297F39DC00D04A4B /* Assets.xcassets in Resources */ = {isa = PBXBuildFile; fileRef = 196BF44A297F39DC00D04A4B /* Assets.xcassets */; };
		196BF44E297F39DC00D04A4B /* Preview Assets.xcassets in Resources */ = {isa = PBXBuildFile; fileRef = 196BF44D297F39DC00D04A4B /* Preview Assets.xcassets */; };
		19D5A3D229808ACA00DA3CCC /* swift-format in Resources */ = {isa = PBXBuildFile; fileRef = 19D5A3D129808ACA00DA3CCC /* swift-format */; };
		19D5A3D62980924900DA3CCC /* .swift-format in Resources */ = {isa = PBXBuildFile; fileRef = 19D5A3D52980924900DA3CCC /* .swift-format */; };
		19D5A3D82980925100DA3CCC /* .swiftlint.yml in Resources */ = {isa = PBXBuildFile; fileRef = 19D5A3D72980925100DA3CCC /* .swiftlint.yml */; };
		19D5A3E02980935D00DA3CCC /* swiftlint in Resources */ = {isa = PBXBuildFile; fileRef = 19D5A3DF2980935D00DA3CCC /* swiftlint */; };
		19EC2F632981B5510083BA1A /* ContentView.swift in Sources */ = {isa = PBXBuildFile; fileRef = 196BF448297F39DB00D04A4B /* ContentView.swift */; };
/* End PBXBuildFile section */

/* Begin PBXContainerItemProxy section */
		193E70F6297F3AA40053A733 /* PBXContainerItemProxy */ = {
			isa = PBXContainerItemProxy;
			containerPortal = 196BF43B297F39DA00D04A4B /* Project object */;
			proxyType = 1;
			remoteGlobalIDString = 193E70E8297F3AA40053A733;
			remoteInfo = "Swift Fixer - Extension";
		};
/* End PBXContainerItemProxy section */

/* Begin PBXCopyFilesBuildPhase section */
		193E70F9297F3AA40053A733 /* Embed Foundation Extensions */ = {
			isa = PBXCopyFilesBuildPhase;
			buildActionMask = 2147483647;
			dstPath = "";
			dstSubfolderSpec = 13;
			files = (
				193E70F8297F3AA40053A733 /* Swift Fixer .appex in Embed Foundation Extensions */,
			);
			name = "Embed Foundation Extensions";
			runOnlyForDeploymentPostprocessing = 0;
		};
		193E70FF297F3AC90053A733 /* Embed Frameworks */ = {
			isa = PBXCopyFilesBuildPhase;
			buildActionMask = 2147483647;
			dstPath = "";
			dstSubfolderSpec = 10;
			files = (
				193E70FE297F3AC90053A733 /* XcodeKit.framework in Embed Frameworks */,
			);
			name = "Embed Frameworks";
			runOnlyForDeploymentPostprocessing = 0;
		};
/* End PBXCopyFilesBuildPhase section */

/* Begin PBXFileReference section */
		190EB85C2980350700479AB1 /* shell.swift */ = {isa = PBXFileReference; lastKnownFileType = sourcecode.swift; path = shell.swift; sourceTree = "<group>"; };
		193E70E9297F3AA40053A733 /* Swift Fixer .appex */ = {isa = PBXFileReference; explicitFileType = "wrapper.app-extension"; includeInIndex = 0; path = "Swift Fixer .appex"; sourceTree = BUILT_PRODUCTS_DIR; };
		193E70EB297F3AA40053A733 /* Cocoa.framework */ = {isa = PBXFileReference; lastKnownFileType = wrapper.framework; name = Cocoa.framework; path = System/Library/Frameworks/Cocoa.framework; sourceTree = SDKROOT; };
		193E70ED297F3AA40053A733 /* XcodeKit.framework */ = {isa = PBXFileReference; lastKnownFileType = wrapper.framework; name = XcodeKit.framework; path = Library/Frameworks/XcodeKit.framework; sourceTree = DEVELOPER_DIR; };
		193E70F0297F3AA40053A733 /* SourceEditorExtension.swift */ = {isa = PBXFileReference; lastKnownFileType = sourcecode.swift; path = SourceEditorExtension.swift; sourceTree = "<group>"; };
		193E70F2297F3AA40053A733 /* SourceEditorCommand.swift */ = {isa = PBXFileReference; lastKnownFileType = sourcecode.swift; path = SourceEditorCommand.swift; sourceTree = "<group>"; };
		193E70F4297F3AA40053A733 /* Info.plist */ = {isa = PBXFileReference; lastKnownFileType = text.plist.xml; path = Info.plist; sourceTree = "<group>"; };
		193E70F5297F3AA40053A733 /* Swift_Fixer___Extension.entitlements */ = {isa = PBXFileReference; lastKnownFileType = text.plist.entitlements; path = "Swift_Fixer___Extension.entitlements"; sourceTree = "<group>"; };
		1947901E2981B5BB0059EA5E /* ConfigRow.swift */ = {isa = PBXFileReference; lastKnownFileType = sourcecode.swift; path = ConfigRow.swift; sourceTree = "<group>"; };
		194790212981CF260059EA5E /* commands.json */ = {isa = PBXFileReference; lastKnownFileType = text.json; path = commands.json; sourceTree = "<group>"; };
		194790252981D8FD0059EA5E /* ExecutableStep.swift */ = {isa = PBXFileReference; lastKnownFileType = sourcecode.swift; path = ExecutableStep.swift; sourceTree = "<group>"; };
		194790272982B56B0059EA5E /* DataSource.swift */ = {isa = PBXFileReference; lastKnownFileType = sourcecode.swift; path = DataSource.swift; sourceTree = "<group>"; };
		196BF443297F39DB00D04A4B /* Swift Fixer.app */ = {isa = PBXFileReference; explicitFileType = wrapper.application; includeInIndex = 0; path = "Swift Fixer.app"; sourceTree = BUILT_PRODUCTS_DIR; };
		196BF446297F39DB00D04A4B /* Swift_FixerApp.swift */ = {isa = PBXFileReference; lastKnownFileType = sourcecode.swift; path = Swift_FixerApp.swift; sourceTree = "<group>"; };
		196BF448297F39DB00D04A4B /* ContentView.swift */ = {isa = PBXFileReference; lastKnownFileType = sourcecode.swift; path = ContentView.swift; sourceTree = "<group>"; };
		196BF44A297F39DC00D04A4B /* Assets.xcassets */ = {isa = PBXFileReference; lastKnownFileType = folder.assetcatalog; path = Assets.xcassets; sourceTree = "<group>"; };
		196BF44D297F39DC00D04A4B /* Preview Assets.xcassets */ = {isa = PBXFileReference; lastKnownFileType = folder.assetcatalog; path = "Preview Assets.xcassets"; sourceTree = "<group>"; };
		196BF44F297F39DC00D04A4B /* Swift_Fixer.entitlements */ = {isa = PBXFileReference; lastKnownFileType = text.plist.entitlements; path = Swift_Fixer.entitlements; sourceTree = "<group>"; };
		19D5A3D129808ACA00DA3CCC /* swift-format */ = {isa = PBXFileReference; lastKnownFileType = "compiled.mach-o.executable"; path = "swift-format"; sourceTree = "<group>"; };
		19D5A3D52980924900DA3CCC /* .swift-format */ = {isa = PBXFileReference; lastKnownFileType = text; path = ".swift-format"; sourceTree = "<group>"; };
		19D5A3D72980925100DA3CCC /* .swiftlint.yml */ = {isa = PBXFileReference; lastKnownFileType = text.yaml; path = .swiftlint.yml; sourceTree = "<group>"; };
		19D5A3DF2980935D00DA3CCC /* swiftlint */ = {isa = PBXFileReference; lastKnownFileType = "compiled.mach-o.executable"; path = swiftlint; sourceTree = "<group>"; };
/* End PBXFileReference section */

/* Begin PBXFrameworksBuildPhase section */
		193E70E6297F3AA40053A733 /* Frameworks */ = {
			isa = PBXFrameworksBuildPhase;
			buildActionMask = 2147483647;
			files = (
				193E70EC297F3AA40053A733 /* Cocoa.framework in Frameworks */,
				193E70FD297F3AC90053A733 /* XcodeKit.framework in Frameworks */,
			);
			runOnlyForDeploymentPostprocessing = 0;
		};
		196BF440297F39DB00D04A4B /* Frameworks */ = {
			isa = PBXFrameworksBuildPhase;
			buildActionMask = 2147483647;
			files = (
			);
			runOnlyForDeploymentPostprocessing = 0;
		};
/* End PBXFrameworksBuildPhase section */

/* Begin PBXGroup section */
		193E70EA297F3AA40053A733 /* Frameworks */ = {
			isa = PBXGroup;
			children = (
				193E70EB297F3AA40053A733 /* Cocoa.framework */,
				193E70ED297F3AA40053A733 /* XcodeKit.framework */,
			);
			name = Frameworks;
			sourceTree = "<group>";
		};
		193E70EF297F3AA40053A733 /* Swift Fixer - Extension */ = {
			isa = PBXGroup;
			children = (
				190EB85C2980350700479AB1 /* shell.swift */,
				193E70F0297F3AA40053A733 /* SourceEditorExtension.swift */,
				193E70F2297F3AA40053A733 /* SourceEditorCommand.swift */,
				193E70F4297F3AA40053A733 /* Info.plist */,
				193E70F5297F3AA40053A733 /* Swift_Fixer___Extension.entitlements */,
			);
			path = "Swift Fixer - Extension";
			sourceTree = "<group>";
		};
		194790202981CF0E0059EA5E /* Data */ = {
			isa = PBXGroup;
			children = (
				194790212981CF260059EA5E /* commands.json */,
			);
			path = Data;
			sourceTree = "<group>";
		};
		194790242981D8E70059EA5E /* Classes */ = {
			isa = PBXGroup;
			children = (
				194790252981D8FD0059EA5E /* ExecutableStep.swift */,
				194790272982B56B0059EA5E /* DataSource.swift */,
			);
			path = Classes;
			sourceTree = "<group>";
		};
		196BF43A297F39DA00D04A4B = {
			isa = PBXGroup;
			children = (
				194790202981CF0E0059EA5E /* Data */,
				19D5A3DF2980935D00DA3CCC /* swiftlint */,
				19D5A3D72980925100DA3CCC /* .swiftlint.yml */,
				19D5A3D52980924900DA3CCC /* .swift-format */,
				19D5A3D129808ACA00DA3CCC /* swift-format */,
				194790242981D8E70059EA5E /* Classes */,
				196BF445297F39DB00D04A4B /* Swift Fixer */,
				193E70EF297F3AA40053A733 /* Swift Fixer - Extension */,
				193E70EA297F3AA40053A733 /* Frameworks */,
				196BF444297F39DB00D04A4B /* Products */,
			);
			sourceTree = "<group>";
		};
		196BF444297F39DB00D04A4B /* Products */ = {
			isa = PBXGroup;
			children = (
				196BF443297F39DB00D04A4B /* Swift Fixer.app */,
				193E70E9297F3AA40053A733 /* Swift Fixer .appex */,
			);
			name = Products;
			sourceTree = "<group>";
		};
		196BF445297F39DB00D04A4B /* Swift Fixer */ = {
			isa = PBXGroup;
			children = (
				19EC2F622981B5150083BA1A /* Views */,
				196BF446297F39DB00D04A4B /* Swift_FixerApp.swift */,
				196BF44A297F39DC00D04A4B /* Assets.xcassets */,
				196BF44F297F39DC00D04A4B /* Swift_Fixer.entitlements */,
				196BF44C297F39DC00D04A4B /* Preview Content */,
			);
			path = "Swift Fixer";
			sourceTree = "<group>";
		};
		196BF44C297F39DC00D04A4B /* Preview Content */ = {
			isa = PBXGroup;
			children = (
				196BF44D297F39DC00D04A4B /* Preview Assets.xcassets */,
			);
			path = "Preview Content";
			sourceTree = "<group>";
		};
		19EC2F622981B5150083BA1A /* Views */ = {
			isa = PBXGroup;
			children = (
				196BF448297F39DB00D04A4B /* ContentView.swift */,
				1947901E2981B5BB0059EA5E /* ConfigRow.swift */,
			);
			path = Views;
			sourceTree = "<group>";
		};
/* End PBXGroup section */

/* Begin PBXNativeTarget section */
		193E70E8297F3AA40053A733 /* Swift Fixer - Extension */ = {
			isa = PBXNativeTarget;
			buildConfigurationList = 193E70FC297F3AA40053A733 /* Build configuration list for PBXNativeTarget "Swift Fixer - Extension" */;
			buildPhases = (
				193E70E5297F3AA40053A733 /* Sources */,
				193E70E6297F3AA40053A733 /* Frameworks */,
				193E70E7297F3AA40053A733 /* Resources */,
				193E70FF297F3AC90053A733 /* Embed Frameworks */,
			);
			buildRules = (
			);
			dependencies = (
			);
			name = "Swift Fixer - Extension";
			productName = "Swift Fixer - Extension";
			productReference = 193E70E9297F3AA40053A733 /* Swift Fixer .appex */;
			productType = "com.apple.product-type.xcode-extension";
		};
		196BF442297F39DB00D04A4B /* Swift Fixer */ = {
			isa = PBXNativeTarget;
			buildConfigurationList = 196BF452297F39DC00D04A4B /* Build configuration list for PBXNativeTarget "Swift Fixer" */;
			buildPhases = (
				196BF43F297F39DB00D04A4B /* Sources */,
				196BF440297F39DB00D04A4B /* Frameworks */,
				196BF441297F39DB00D04A4B /* Resources */,
				193E70F9297F3AA40053A733 /* Embed Foundation Extensions */,
			);
			buildRules = (
			);
			dependencies = (
				193E70F7297F3AA40053A733 /* PBXTargetDependency */,
			);
			name = "Swift Fixer";
			productName = "Swift Fixer";
			productReference = 196BF443297F39DB00D04A4B /* Swift Fixer.app */;
			productType = "com.apple.product-type.application";
		};
/* End PBXNativeTarget section */

/* Begin PBXProject section */
		196BF43B297F39DA00D04A4B /* Project object */ = {
			isa = PBXProject;
			attributes = {
				BuildIndependentTargetsInParallel = 1;
				LastSwiftUpdateCheck = 1400;
				LastUpgradeCheck = 1400;
				TargetAttributes = {
					193E70E8297F3AA40053A733 = {
						CreatedOnToolsVersion = 14.0;
					};
					196BF442297F39DB00D04A4B = {
						CreatedOnToolsVersion = 14.0;
					};
				};
			};
			buildConfigurationList = 196BF43E297F39DA00D04A4B /* Build configuration list for PBXProject "Swift Fixer" */;
			compatibilityVersion = "Xcode 14.0";
			developmentRegion = en;
			hasScannedForEncodings = 0;
			knownRegions = (
				en,
				Base,
			);
			mainGroup = 196BF43A297F39DA00D04A4B;
			productRefGroup = 196BF444297F39DB00D04A4B /* Products */;
			projectDirPath = "";
			projectRoot = "";
			targets = (
				196BF442297F39DB00D04A4B /* Swift Fixer */,
				193E70E8297F3AA40053A733 /* Swift Fixer - Extension */,
			);
		};
/* End PBXProject section */

/* Begin PBXResourcesBuildPhase section */
		193E70E7297F3AA40053A733 /* Resources */ = {
			isa = PBXResourcesBuildPhase;
			buildActionMask = 2147483647;
			files = (
				19D5A3D229808ACA00DA3CCC /* swift-format in Resources */,
				194790232981CF260059EA5E /* commands.json in Resources */,
				19D5A3D62980924900DA3CCC /* .swift-format in Resources */,
				19D5A3D82980925100DA3CCC /* .swiftlint.yml in Resources */,
				19D5A3E02980935D00DA3CCC /* swiftlint in Resources */,
			);
			runOnlyForDeploymentPostprocessing = 0;
		};
		196BF441297F39DB00D04A4B /* Resources */ = {
			isa = PBXResourcesBuildPhase;
			buildActionMask = 2147483647;
			files = (
				194790222981CF260059EA5E /* commands.json in Resources */,
				196BF44E297F39DC00D04A4B /* Preview Assets.xcassets in Resources */,
				196BF44B297F39DC00D04A4B /* Assets.xcassets in Resources */,
			);
			runOnlyForDeploymentPostprocessing = 0;
		};
/* End PBXResourcesBuildPhase section */

/* Begin PBXSourcesBuildPhase section */
		193E70E5297F3AA40053A733 /* Sources */ = {
			isa = PBXSourcesBuildPhase;
			buildActionMask = 2147483647;
			files = (
				190EB85D2980350700479AB1 /* shell.swift in Sources */,
				193E70F1297F3AA40053A733 /* SourceEditorExtension.swift in Sources */,
				193E70F3297F3AA40053A733 /* SourceEditorCommand.swift in Sources */,
			);
			runOnlyForDeploymentPostprocessing = 0;
		};
		196BF43F297F39DB00D04A4B /* Sources */ = {
			isa = PBXSourcesBuildPhase;
			buildActionMask = 2147483647;
			files = (
				19EC2F632981B5510083BA1A /* ContentView.swift in Sources */,
				194790262981D8FD0059EA5E /* ExecutableStep.swift in Sources */,
				196BF447297F39DB00D04A4B /* Swift_FixerApp.swift in Sources */,
				194790282982B56B0059EA5E /* DataSource.swift in Sources */,
				1947901F2981B5BB0059EA5E /* ConfigRow.swift in Sources */,
			);
			runOnlyForDeploymentPostprocessing = 0;
		};
/* End PBXSourcesBuildPhase section */

/* Begin PBXTargetDependency section */
		193E70F7297F3AA40053A733 /* PBXTargetDependency */ = {
			isa = PBXTargetDependency;
			target = 193E70E8297F3AA40053A733 /* Swift Fixer - Extension */;
			targetProxy = 193E70F6297F3AA40053A733 /* PBXContainerItemProxy */;
		};
/* End PBXTargetDependency section */

/* Begin XCBuildConfiguration section */
		193E70FA297F3AA40053A733 /* Debug */ = {
			isa = XCBuildConfiguration;
			buildSettings = {
				CODE_SIGN_ENTITLEMENTS = "Swift Fixer - Extension/Swift_Fixer___Extension.entitlements";
				CODE_SIGN_STYLE = Automatic;
				COMBINE_HIDPI_IMAGES = YES;
				CURRENT_PROJECT_VERSION = 1;
				DEVELOPMENT_TEAM = 9TVGLBSJNB;
				ENABLE_HARDENED_RUNTIME = YES;
				GENERATE_INFOPLIST_FILE = YES;
				INFOPLIST_FILE = "Swift Fixer - Extension/Info.plist";
				INFOPLIST_KEY_CFBundleDisplayName = "Swift Fixer - Extension";
				INFOPLIST_KEY_NSHumanReadableCopyright = "";
				LD_RUNPATH_SEARCH_PATHS = (
					"$(inherited)",
					"@executable_path/../Frameworks",
					"@executable_path/../../../../Frameworks",
				);
				MARKETING_VERSION = 1.0;
				PRODUCT_BUNDLE_IDENTIFIER = "com.jondayley.Swift-Fixer.Swift-Fixer---Extension";
				PRODUCT_NAME = "Swift Fixer ";
				SKIP_INSTALL = YES;
				SWIFT_EMIT_LOC_STRINGS = YES;
				SWIFT_VERSION = 5.0;
			};
			name = Debug;
		};
		193E70FB297F3AA40053A733 /* Release */ = {
			isa = XCBuildConfiguration;
			buildSettings = {
				CODE_SIGN_ENTITLEMENTS = "Swift Fixer - Extension/Swift_Fixer___Extension.entitlements";
				CODE_SIGN_STYLE = Automatic;
				COMBINE_HIDPI_IMAGES = YES;
				CURRENT_PROJECT_VERSION = 1;
				DEVELOPMENT_TEAM = 9TVGLBSJNB;
				ENABLE_HARDENED_RUNTIME = YES;
				GENERATE_INFOPLIST_FILE = YES;
				INFOPLIST_FILE = "Swift Fixer - Extension/Info.plist";
				INFOPLIST_KEY_CFBundleDisplayName = "Swift Fixer - Extension";
				INFOPLIST_KEY_NSHumanReadableCopyright = "";
				LD_RUNPATH_SEARCH_PATHS = (
					"$(inherited)",
					"@executable_path/../Frameworks",
					"@executable_path/../../../../Frameworks",
				);
				MARKETING_VERSION = 1.0;
				PRODUCT_BUNDLE_IDENTIFIER = "com.jondayley.Swift-Fixer.Swift-Fixer---Extension";
				PRODUCT_NAME = "Swift Fixer ";
				SKIP_INSTALL = YES;
				SWIFT_EMIT_LOC_STRINGS = YES;
				SWIFT_VERSION = 5.0;
			};
			name = Release;
		};
		196BF450297F39DC00D04A4B /* Debug */ = {
			isa = XCBuildConfiguration;
			buildSettings = {
				ALWAYS_SEARCH_USER_PATHS = NO;
				CLANG_ANALYZER_NONNULL = YES;
				CLANG_ANALYZER_NUMBER_OBJECT_CONVERSION = YES_AGGRESSIVE;
				CLANG_CXX_LANGUAGE_STANDARD = "gnu++20";
				CLANG_ENABLE_MODULES = YES;
				CLANG_ENABLE_OBJC_ARC = YES;
				CLANG_ENABLE_OBJC_WEAK = YES;
				CLANG_WARN_BLOCK_CAPTURE_AUTORELEASING = YES;
				CLANG_WARN_BOOL_CONVERSION = YES;
				CLANG_WARN_COMMA = YES;
				CLANG_WARN_CONSTANT_CONVERSION = YES;
				CLANG_WARN_DEPRECATED_OBJC_IMPLEMENTATIONS = YES;
				CLANG_WARN_DIRECT_OBJC_ISA_USAGE = YES_ERROR;
				CLANG_WARN_DOCUMENTATION_COMMENTS = YES;
				CLANG_WARN_EMPTY_BODY = YES;
				CLANG_WARN_ENUM_CONVERSION = YES;
				CLANG_WARN_INFINITE_RECURSION = YES;
				CLANG_WARN_INT_CONVERSION = YES;
				CLANG_WARN_NON_LITERAL_NULL_CONVERSION = YES;
				CLANG_WARN_OBJC_IMPLICIT_RETAIN_SELF = YES;
				CLANG_WARN_OBJC_LITERAL_CONVERSION = YES;
				CLANG_WARN_OBJC_ROOT_CLASS = YES_ERROR;
				CLANG_WARN_QUOTED_INCLUDE_IN_FRAMEWORK_HEADER = YES;
				CLANG_WARN_RANGE_LOOP_ANALYSIS = YES;
				CLANG_WARN_STRICT_PROTOTYPES = YES;
				CLANG_WARN_SUSPICIOUS_MOVE = YES;
				CLANG_WARN_UNGUARDED_AVAILABILITY = YES_AGGRESSIVE;
				CLANG_WARN_UNREACHABLE_CODE = YES;
				CLANG_WARN__DUPLICATE_METHOD_MATCH = YES;
				COPY_PHASE_STRIP = NO;
				DEBUG_INFORMATION_FORMAT = dwarf;
				ENABLE_STRICT_OBJC_MSGSEND = YES;
				ENABLE_TESTABILITY = YES;
				GCC_C_LANGUAGE_STANDARD = gnu11;
				GCC_DYNAMIC_NO_PIC = NO;
				GCC_NO_COMMON_BLOCKS = YES;
				GCC_OPTIMIZATION_LEVEL = 0;
				GCC_PREPROCESSOR_DEFINITIONS = (
					"DEBUG=1",
					"$(inherited)",
				);
				GCC_WARN_64_TO_32_BIT_CONVERSION = YES;
				GCC_WARN_ABOUT_RETURN_TYPE = YES_ERROR;
				GCC_WARN_UNDECLARED_SELECTOR = YES;
				GCC_WARN_UNINITIALIZED_AUTOS = YES_AGGRESSIVE;
				GCC_WARN_UNUSED_FUNCTION = YES;
				GCC_WARN_UNUSED_VARIABLE = YES;
				MACOSX_DEPLOYMENT_TARGET = 12.3;
				MTL_ENABLE_DEBUG_INFO = INCLUDE_SOURCE;
				MTL_FAST_MATH = YES;
				ONLY_ACTIVE_ARCH = YES;
				SDKROOT = macosx;
				SWIFT_ACTIVE_COMPILATION_CONDITIONS = DEBUG;
				SWIFT_OPTIMIZATION_LEVEL = "-Onone";
			};
			name = Debug;
		};
		196BF451297F39DC00D04A4B /* Release */ = {
			isa = XCBuildConfiguration;
			buildSettings = {
				ALWAYS_SEARCH_USER_PATHS = NO;
				CLANG_ANALYZER_NONNULL = YES;
				CLANG_ANALYZER_NUMBER_OBJECT_CONVERSION = YES_AGGRESSIVE;
				CLANG_CXX_LANGUAGE_STANDARD = "gnu++20";
				CLANG_ENABLE_MODULES = YES;
				CLANG_ENABLE_OBJC_ARC = YES;
				CLANG_ENABLE_OBJC_WEAK = YES;
				CLANG_WARN_BLOCK_CAPTURE_AUTORELEASING = YES;
				CLANG_WARN_BOOL_CONVERSION = YES;
				CLANG_WARN_COMMA = YES;
				CLANG_WARN_CONSTANT_CONVERSION = YES;
				CLANG_WARN_DEPRECATED_OBJC_IMPLEMENTATIONS = YES;
				CLANG_WARN_DIRECT_OBJC_ISA_USAGE = YES_ERROR;
				CLANG_WARN_DOCUMENTATION_COMMENTS = YES;
				CLANG_WARN_EMPTY_BODY = YES;
				CLANG_WARN_ENUM_CONVERSION = YES;
				CLANG_WARN_INFINITE_RECURSION = YES;
				CLANG_WARN_INT_CONVERSION = YES;
				CLANG_WARN_NON_LITERAL_NULL_CONVERSION = YES;
				CLANG_WARN_OBJC_IMPLICIT_RETAIN_SELF = YES;
				CLANG_WARN_OBJC_LITERAL_CONVERSION = YES;
				CLANG_WARN_OBJC_ROOT_CLASS = YES_ERROR;
				CLANG_WARN_QUOTED_INCLUDE_IN_FRAMEWORK_HEADER = YES;
				CLANG_WARN_RANGE_LOOP_ANALYSIS = YES;
				CLANG_WARN_STRICT_PROTOTYPES = YES;
				CLANG_WARN_SUSPICIOUS_MOVE = YES;
				CLANG_WARN_UNGUARDED_AVAILABILITY = YES_AGGRESSIVE;
				CLANG_WARN_UNREACHABLE_CODE = YES;
				CLANG_WARN__DUPLICATE_METHOD_MATCH = YES;
				COPY_PHASE_STRIP = NO;
				DEBUG_INFORMATION_FORMAT = "dwarf-with-dsym";
				ENABLE_NS_ASSERTIONS = NO;
				ENABLE_STRICT_OBJC_MSGSEND = YES;
				GCC_C_LANGUAGE_STANDARD = gnu11;
				GCC_NO_COMMON_BLOCKS = YES;
				GCC_WARN_64_TO_32_BIT_CONVERSION = YES;
				GCC_WARN_ABOUT_RETURN_TYPE = YES_ERROR;
				GCC_WARN_UNDECLARED_SELECTOR = YES;
				GCC_WARN_UNINITIALIZED_AUTOS = YES_AGGRESSIVE;
				GCC_WARN_UNUSED_FUNCTION = YES;
				GCC_WARN_UNUSED_VARIABLE = YES;
				MACOSX_DEPLOYMENT_TARGET = 12.3;
				MTL_ENABLE_DEBUG_INFO = NO;
				MTL_FAST_MATH = YES;
				SDKROOT = macosx;
				SWIFT_COMPILATION_MODE = wholemodule;
				SWIFT_OPTIMIZATION_LEVEL = "-O";
			};
			name = Release;
		};
		196BF453297F39DC00D04A4B /* Debug */ = {
			isa = XCBuildConfiguration;
			buildSettings = {
				ALWAYS_EMBED_SWIFT_STANDARD_LIBRARIES = YES;
				ASSETCATALOG_COMPILER_APPICON_NAME = AppIcon;
				ASSETCATALOG_COMPILER_GLOBAL_ACCENT_COLOR_NAME = AccentColor;
				CODE_SIGN_ENTITLEMENTS = "Swift Fixer/Swift_Fixer.entitlements";
				CODE_SIGN_STYLE = Automatic;
				COMBINE_HIDPI_IMAGES = YES;
				CURRENT_PROJECT_VERSION = 1;
				DEVELOPMENT_ASSET_PATHS = "\"Swift Fixer/Preview Content\"";
				DEVELOPMENT_TEAM = 9TVGLBSJNB;
				ENABLE_HARDENED_RUNTIME = YES;
				ENABLE_PREVIEWS = YES;
				GENERATE_INFOPLIST_FILE = YES;
				INFOPLIST_KEY_NSHumanReadableCopyright = "";
				LD_RUNPATH_SEARCH_PATHS = (
					"$(inherited)",
					"@executable_path/../Frameworks",
				);
				MARKETING_VERSION = 1.0;
				PRODUCT_BUNDLE_IDENTIFIER = "com.jondayley.Swift-Fixer";
				PRODUCT_NAME = "$(TARGET_NAME)";
				SWIFT_EMIT_LOC_STRINGS = YES;
				SWIFT_VERSION = 5.0;
			};
			name = Debug;
		};
		196BF454297F39DC00D04A4B /* Release */ = {
			isa = XCBuildConfiguration;
			buildSettings = {
				ALWAYS_EMBED_SWIFT_STANDARD_LIBRARIES = YES;
				ASSETCATALOG_COMPILER_APPICON_NAME = AppIcon;
				ASSETCATALOG_COMPILER_GLOBAL_ACCENT_COLOR_NAME = AccentColor;
				CODE_SIGN_ENTITLEMENTS = "Swift Fixer/Swift_Fixer.entitlements";
				CODE_SIGN_STYLE = Automatic;
				COMBINE_HIDPI_IMAGES = YES;
				CURRENT_PROJECT_VERSION = 1;
				DEVELOPMENT_ASSET_PATHS = "\"Swift Fixer/Preview Content\"";
				DEVELOPMENT_TEAM = 9TVGLBSJNB;
				ENABLE_HARDENED_RUNTIME = YES;
				ENABLE_PREVIEWS = YES;
				GENERATE_INFOPLIST_FILE = YES;
				INFOPLIST_KEY_NSHumanReadableCopyright = "";
				LD_RUNPATH_SEARCH_PATHS = (
					"$(inherited)",
					"@executable_path/../Frameworks",
				);
				MARKETING_VERSION = 1.0;
				PRODUCT_BUNDLE_IDENTIFIER = "com.jondayley.Swift-Fixer";
				PRODUCT_NAME = "$(TARGET_NAME)";
				SWIFT_EMIT_LOC_STRINGS = YES;
				SWIFT_VERSION = 5.0;
			};
			name = Release;
		};
/* End XCBuildConfiguration section */

/* Begin XCConfigurationList section */
		193E70FC297F3AA40053A733 /* Build configuration list for PBXNativeTarget "Swift Fixer - Extension" */ = {
			isa = XCConfigurationList;
			buildConfigurations = (
				193E70FA297F3AA40053A733 /* Debug */,
				193E70FB297F3AA40053A733 /* Release */,
			);
			defaultConfigurationIsVisible = 0;
			defaultConfigurationName = Release;
		};
		196BF43E297F39DA00D04A4B /* Build configuration list for PBXProject "Swift Fixer" */ = {
			isa = XCConfigurationList;
			buildConfigurations = (
				196BF450297F39DC00D04A4B /* Debug */,
				196BF451297F39DC00D04A4B /* Release */,
			);
			defaultConfigurationIsVisible = 0;
			defaultConfigurationName = Release;
		};
		196BF452297F39DC00D04A4B /* Build configuration list for PBXNativeTarget "Swift Fixer" */ = {
			isa = XCConfigurationList;
			buildConfigurations = (
				196BF453297F39DC00D04A4B /* Debug */,
				196BF454297F39DC00D04A4B /* Release */,
			);
			defaultConfigurationIsVisible = 0;
			defaultConfigurationName = Release;
		};
/* End XCConfigurationList section */
	};
	rootObject = 196BF43B297F39DA00D04A4B /* Project object */;
}
